version = 1
revision = 1
requires-python = ">=3.12"

[[package]]
name = "beets"
version = "2.2.0"
source = { registry = "https://pypi.org/simple" }
dependencies = [
    { name = "colorama", marker = "sys_platform == 'win32'" },
    { name = "confuse" },
    { name = "jellyfish" },
    { name = "mediafile" },
    { name = "munkres" },
    { name = "musicbrainzngs" },
    { name = "platformdirs" },
    { name = "pyyaml" },
    { name = "unidecode" },
]
sdist = { url = "https://files.pythonhosted.org/packages/1e/02/5c600a457f1f601e5fa487250fa53a0b2e1a9c9780d33a3ccc6551a62359/beets-2.2.0.tar.gz", hash = "sha256:cc0a277f530844575e3374021f316da16bf78ed514963c1ab1597168a8d4c715", size = 2044230 }
wheels = [
    { url = "https://files.pythonhosted.org/packages/f3/44/1c53c2ac111e5526083e58f50a22504ad7c609be1ce660c0339938a42c33/beets-2.2.0-py3-none-any.whl", hash = "sha256:6dddec32933278e83e4555aaba8587f125b4becd97c71bac81fe317264a0d01c", size = 575359 },
]

[[package]]
name = "click"
version = "8.1.7"
source = { registry = "https://pypi.org/simple" }
dependencies = [
    { name = "colorama", marker = "sys_platform == 'win32'" },
]
sdist = { url = "https://files.pythonhosted.org/packages/96/d3/f04c7bfcf5c1862a2a5b845c6b2b360488cf47af55dfa79c98f6a6bf98b5/click-8.1.7.tar.gz", hash = "sha256:ca9853ad459e787e2192211578cc907e7594e294c7ccc834310722b41b9ca6de", size = 336121 }
wheels = [
    { url = "https://files.pythonhosted.org/packages/00/2e/d53fa4befbf2cfa713304affc7ca780ce4fc1fd8710527771b58311a3229/click-8.1.7-py3-none-any.whl", hash = "sha256:ae74fb96c20a0277a1d615f1e4d73c8414f5a98db8b799a7931d1582f3390c28", size = 97941 },
]

[[package]]
name = "colorama"
version = "0.4.6"
source = { registry = "https://pypi.org/simple" }
sdist = { url = "https://files.pythonhosted.org/packages/d8/53/6f443c9a4a8358a93a6792e2acffb9d9d5cb0a5cfd8802644b7b1c9a02e4/colorama-0.4.6.tar.gz", hash = "sha256:08695f5cb7ed6e0531a20572697297273c47b8cae5a63ffc6d6ed5c201be6e44", size = 27697 }
wheels = [
    { url = "https://files.pythonhosted.org/packages/d1/d6/3965ed04c63042e047cb6a3e6ed1a63a35087b6a609aa3a15ed8ac56c221/colorama-0.4.6-py2.py3-none-any.whl", hash = "sha256:4f1d9991f5acc0ca119f9d443620b77f9d6b33703e51011c16baf57afb285fc6", size = 25335 },
]

[[package]]
name = "confuse"
version = "2.0.1"
source = { registry = "https://pypi.org/simple" }
dependencies = [
    { name = "pyyaml" },
]
sdist = { url = "https://files.pythonhosted.org/packages/a7/77/05e2284baff5f2106f74b528b9930caf764d6c400733eb42e617c4234a7d/confuse-2.0.1.tar.gz", hash = "sha256:7379a2ad49aaa862b79600cc070260c1b7974d349f4fa5e01f9afa6c4dd0611f", size = 50872 }
wheels = [
    { url = "https://files.pythonhosted.org/packages/32/1f/cf496479814d41fc252004482deeb90b740b4a6a391a3355c0b11d7e0abf/confuse-2.0.1-py3-none-any.whl", hash = "sha256:9b9e5bbc70e2cb9b318bcab14d917ec88e21bf1b724365e3815eb16e37aabd2a", size = 24750 },
]

[[package]]
name = "duckdb"
version = "1.1.3"
source = { registry = "https://pypi.org/simple" }
sdist = { url = "https://files.pythonhosted.org/packages/a0/d7/ec014b351b6bb026d5f473b1d0ec6bd6ba40786b9abbf530b4c9041d9895/duckdb-1.1.3.tar.gz", hash = "sha256:68c3a46ab08836fe041d15dcbf838f74a990d551db47cb24ab1c4576fc19351c", size = 12240672 }
wheels = [
    { url = "https://files.pythonhosted.org/packages/9b/ff/7ee500f4cff0d2a581c1afdf2c12f70ee3bf1a61041fea4d88934a35a7a3/duckdb-1.1.3-cp312-cp312-macosx_12_0_arm64.whl", hash = "sha256:a433ae9e72c5f397c44abdaa3c781d94f94f4065bcbf99ecd39433058c64cb38", size = 15482881 },
    { url = "https://files.pythonhosted.org/packages/28/16/dda10da6bde54562c3cb0002ca3b7678e3108fa73ac9b7509674a02c5249/duckdb-1.1.3-cp312-cp312-macosx_12_0_universal2.whl", hash = "sha256:d08308e0a46c748d9c30f1d67ee1143e9c5ea3fbcccc27a47e115b19e7e78aa9", size = 32349440 },
    { url = "https://files.pythonhosted.org/packages/2e/c2/06f7f7a51a1843c9384e1637abb6bbebc29367710ffccc7e7e52d72b3dd9/duckdb-1.1.3-cp312-cp312-macosx_12_0_x86_64.whl", hash = "sha256:5d57776539211e79b11e94f2f6d63de77885f23f14982e0fac066f2885fcf3ff", size = 16953473 },
    { url = "https://files.pythonhosted.org/packages/1a/84/9991221ef7dde79d85231f20646e1b12d645490cd8be055589276f62847e/duckdb-1.1.3-cp312-cp312-manylinux_2_17_aarch64.manylinux2014_aarch64.whl", hash = "sha256:e59087dbbb63705f2483544e01cccf07d5b35afa58be8931b224f3221361d537", size = 18491915 },
    { url = "https://files.pythonhosted.org/packages/aa/76/330fe16f12b7ddda0c664ba9869f3afbc8773dbe17ae750121d407dc0f37/duckdb-1.1.3-cp312-cp312-manylinux_2_17_x86_64.manylinux2014_x86_64.whl", hash = "sha256:4ebf5f60ddbd65c13e77cddb85fe4af671d31b851f125a4d002a313696af43f1", size = 20150288 },
    { url = "https://files.pythonhosted.org/packages/c4/88/e4b08b7a5d08c0f65f6c7a6594de64431ce7df38d7258511417ba7989ad3/duckdb-1.1.3-cp312-cp312-manylinux_2_24_aarch64.manylinux_2_28_aarch64.whl", hash = "sha256:e4ef7ba97a65bd39d66f2a7080e6fb60e7c3e41d4c1e19245f90f53b98e3ac32", size = 18296560 },
    { url = "https://files.pythonhosted.org/packages/1a/32/011e6e3ce14375a1ba01a588c119ad82be757f847c6b60207e0762d9ec3a/duckdb-1.1.3-cp312-cp312-musllinux_1_2_x86_64.whl", hash = "sha256:f58db1b65593ff796c8ea6e63e2e144c944dd3d51c8d8e40dffa7f41693d35d3", size = 21635270 },
    { url = "https://files.pythonhosted.org/packages/f2/eb/58d4e0eccdc7b3523c062d008ad9eef28edccf88591d1a78659c809fe6e8/duckdb-1.1.3-cp312-cp312-win_amd64.whl", hash = "sha256:e86006958e84c5c02f08f9b96f4bc26990514eab329b1b4f71049b3727ce5989", size = 10955715 },
    { url = "https://files.pythonhosted.org/packages/81/d1/2462492531d4715b2ede272a26519b37f21cf3f8c85b3eb88da5b7be81d8/duckdb-1.1.3-cp313-cp313-macosx_12_0_arm64.whl", hash = "sha256:0897f83c09356206ce462f62157ce064961a5348e31ccb2a557a7531d814e70e", size = 15483282 },
    { url = "https://files.pythonhosted.org/packages/af/a5/ec595aa223b911a62f24393908a8eaf8e0ed1c7c07eca5008f22aab070bc/duckdb-1.1.3-cp313-cp313-macosx_12_0_universal2.whl", hash = "sha256:cddc6c1a3b91dcc5f32493231b3ba98f51e6d3a44fe02839556db2b928087378", size = 32350342 },
    { url = "https://files.pythonhosted.org/packages/08/27/e35116ab1ada5e54e52424e52d16ee9ae82db129025294e19c1d48a8b2b1/duckdb-1.1.3-cp313-cp313-macosx_12_0_x86_64.whl", hash = "sha256:1d9ab6143e73bcf17d62566e368c23f28aa544feddfd2d8eb50ef21034286f24", size = 16953863 },
    { url = "https://files.pythonhosted.org/packages/0d/ac/f2db3969a56cd96a3ba78b0fd161939322fb134bd07c98ecc7a7015d3efa/duckdb-1.1.3-cp313-cp313-manylinux_2_17_aarch64.manylinux2014_aarch64.whl", hash = "sha256:2f073d15d11a328f2e6d5964a704517e818e930800b7f3fa83adea47f23720d3", size = 18494301 },
    { url = "https://files.pythonhosted.org/packages/cf/66/d0be7c9518b1b92185018bacd851f977a101c9818686f667bbf884abcfbc/duckdb-1.1.3-cp313-cp313-manylinux_2_17_x86_64.manylinux2014_x86_64.whl", hash = "sha256:d5724fd8a49e24d730be34846b814b98ba7c304ca904fbdc98b47fa95c0b0cee", size = 20150992 },
    { url = "https://files.pythonhosted.org/packages/47/ae/c2df66e3716705f48775e692a1b8accbf3dc6e2c27a0ae307fb4b063e115/duckdb-1.1.3-cp313-cp313-manylinux_2_24_aarch64.manylinux_2_28_aarch64.whl", hash = "sha256:51e7dbd968b393343b226ab3f3a7b5a68dee6d3fe59be9d802383bf916775cb8", size = 18297818 },
    { url = "https://files.pythonhosted.org/packages/8e/7e/10310b754b7ec3349c411a0a88ecbf327c49b5714e3d35200e69c13fb093/duckdb-1.1.3-cp313-cp313-musllinux_1_2_x86_64.whl", hash = "sha256:00cca22df96aa3473fe4584f84888e2cf1c516e8c2dd837210daec44eadba586", size = 21635169 },
    { url = "https://files.pythonhosted.org/packages/83/be/46c0b89c9d4e1ba90af9bc184e88672c04d420d41342e4dc359c78d05981/duckdb-1.1.3-cp313-cp313-win_amd64.whl", hash = "sha256:77f26884c7b807c7edd07f95cf0b00e6d47f0de4a534ac1706a58f8bc70d0d31", size = 10955826 },
]

[[package]]
name = "filetype"
version = "1.2.0"
source = { registry = "https://pypi.org/simple" }
sdist = { url = "https://files.pythonhosted.org/packages/bb/29/745f7d30d47fe0f251d3ad3dc2978a23141917661998763bebb6da007eb1/filetype-1.2.0.tar.gz", hash = "sha256:66b56cd6474bf41d8c54660347d37afcc3f7d1970648de365c102ef77548aadb", size = 998020 }
wheels = [
    { url = "https://files.pythonhosted.org/packages/18/79/1b8fa1bb3568781e84c9200f951c735f3f157429f44be0495da55894d620/filetype-1.2.0-py2.py3-none-any.whl", hash = "sha256:7ce71b6880181241cf7ac8697a2f1eb6a8bd9b429f7ad6d27b8db9ba5f1c2d25", size = 19970 },
]

[[package]]
name = "graphviz"
version = "0.20.3"
source = { registry = "https://pypi.org/simple" }
sdist = { url = "https://files.pythonhosted.org/packages/fa/83/5a40d19b8347f017e417710907f824915fba411a9befd092e52746b63e9f/graphviz-0.20.3.zip", hash = "sha256:09d6bc81e6a9fa392e7ba52135a9d49f1ed62526f96499325930e87ca1b5925d", size = 256455 }
wheels = [
    { url = "https://files.pythonhosted.org/packages/00/be/d59db2d1d52697c6adc9eacaf50e8965b6345cc143f671e1ed068818d5cf/graphviz-0.20.3-py3-none-any.whl", hash = "sha256:81f848f2904515d8cd359cc611faba817598d2feaac4027b266aa3eda7b3dde5", size = 47126 },
]

[[package]]
name = "jellyfish"
version = "1.1.3"
source = { registry = "https://pypi.org/simple" }
sdist = { url = "https://files.pythonhosted.org/packages/5b/3a/f607d7d44ee5cbad51ce8e2966bde112789eeb53633558f500bc4e44c053/jellyfish-1.1.3.tar.gz", hash = "sha256:650ba1ddabd716499f85fae0e1f3fa3e6532a69b68985d9294e86a1e04f08f9f", size = 364473 }
wheels = [
    { url = "https://files.pythonhosted.org/packages/e0/5e/b1c25ab1bb9cdc5e898ea7f3a39ae60e1cb6ffc8d6d43d23dfaede75d7c3/jellyfish-1.1.3-cp312-cp312-macosx_10_12_x86_64.whl", hash = "sha256:89d5ccaf5adade69a4f80859f0fa13810064fe35aed57f42b210f2b30c3fbb6a", size = 315234 },
    { url = "https://files.pythonhosted.org/packages/e0/c1/33651fc0e8eb33731909e56aa5495bc4d01b4032bbaafa98886872a299e6/jellyfish-1.1.3-cp312-cp312-macosx_11_0_arm64.whl", hash = "sha256:29aa2be83c3346e1cc8d84b765ac4f2d4e7830e8ddb8369caf7c8e7d4c2c58fe", size = 311731 },
    { url = "https://files.pythonhosted.org/packages/cc/12/77d2d044257a991df055c426d396884f7d94e61e113c9e6f649b069ce713/jellyfish-1.1.3-cp312-cp312-manylinux_2_17_aarch64.manylinux2014_aarch64.whl", hash = "sha256:38902e5b5a5015a5add877b9317bc8aeccee4590fbd955016a43f9147d9a1afd", size = 347390 },
    { url = "https://files.pythonhosted.org/packages/9d/cd/2224528770705c84e5d2b260f792c4a76483b5874be80560b75ab495e02a/jellyfish-1.1.3-cp312-cp312-manylinux_2_17_armv7l.manylinux2014_armv7l.whl", hash = "sha256:b1c2c11ba786d1dbf5670994ba2aa0cef09a61955e298a5acb1ab3ef9e7a88d3", size = 353315 },
    { url = "https://files.pythonhosted.org/packages/06/b6/5742656ee7e5571a20fd2af14b8f0fd3b4ad511ace90254d0e91fc9c50ed/jellyfish-1.1.3-cp312-cp312-manylinux_2_17_x86_64.manylinux2014_x86_64.whl", hash = "sha256:b098603b3883cc9f38f121c872ba0cc4600d9f92020c5ddcb8f4fe84d941aa5f", size = 347697 },
    { url = "https://files.pythonhosted.org/packages/00/0c/929d300acd0ca600f1f9c3f99b3cdb8c4d8b2e9bd774f27728696ce39908/jellyfish-1.1.3-cp312-cp312-musllinux_1_1_aarch64.whl", hash = "sha256:cc3460dc0470ba277c87e6fdd3febcf052219253de748b27150884574e7179ec", size = 525590 },
    { url = "https://files.pythonhosted.org/packages/7e/9a/a9cf8a975d2b47727ec863e05c2ce7b1174981f216a0a49d673978301466/jellyfish-1.1.3-cp312-cp312-musllinux_1_1_i686.whl", hash = "sha256:7847238733fe9b62894270a8adeb50b0f28f79bef2ff78f8d39cfc161507d584", size = 543842 },
    { url = "https://files.pythonhosted.org/packages/a8/6f/451a175f362962e5c6af68cdc9ad8873c01130b30e897f340f38df2da7e8/jellyfish-1.1.3-cp312-cp312-musllinux_1_1_x86_64.whl", hash = "sha256:9d07f99fa95624049390eac38604edfe48aa2da7fbec96ce74a7dfaa97faf2bd", size = 518282 },
    { url = "https://files.pythonhosted.org/packages/90/6a/6bb02bbcd611e27a7b4d3a77c6ac5cfadaeff39f6108b82e62e3b1ccf9ae/jellyfish-1.1.3-cp312-cp312-win32.whl", hash = "sha256:c98eec90d704c34f5309f65793d84edd029bc2b641dd03c3b90c2cfe00c22a4e", size = 206069 },
    { url = "https://files.pythonhosted.org/packages/ce/3c/5f007820356627332a6cf957ec1233a4845cb9ce9e9026fd62bbd037ceb0/jellyfish-1.1.3-cp312-cp312-win_amd64.whl", hash = "sha256:c8c70b1cc92ee15031db16db0d2ca7d5841744f5f626a35c29c3dd7b4ea7002b", size = 212067 },
    { url = "https://files.pythonhosted.org/packages/ad/33/bfcd66ed6554cf571c86a71c2fa90948e27209a1f9f61459899716b8af11/jellyfish-1.1.3-cp313-cp313-macosx_10_12_x86_64.whl", hash = "sha256:a1907b0382b45650a221fd6cc85afed9f75f08063e9b5c3a7a616bf95fef91be", size = 314647 },
    { url = "https://files.pythonhosted.org/packages/dc/da/a25ee60dc4318fbd7d4f9671a6f02af484bb341e3e98973580e6928409df/jellyfish-1.1.3-cp313-cp313-macosx_11_0_arm64.whl", hash = "sha256:7c0946909f84a1059d241fcee01032840e862746547390bfb0a4cf2f59a387ee", size = 311050 },
    { url = "https://files.pythonhosted.org/packages/87/ec/8975be953ddbd1c730b982a097d716a3efcb46f8e06cb371e041d6dc2742/jellyfish-1.1.3-cp313-cp313-manylinux_2_17_aarch64.manylinux2014_aarch64.whl", hash = "sha256:2105dfb2387a203f77a49cf12d38b4157809377c3a069d8c419c3d331c181816", size = 346781 },
    { url = "https://files.pythonhosted.org/packages/00/22/226d1a0a70596dcb51287122b51eadd892009cebf36e4d5e4aaa3468f0bc/jellyfish-1.1.3-cp313-cp313-manylinux_2_17_armv7l.manylinux2014_armv7l.whl", hash = "sha256:f852aa6753f5fbc6044e7d961df8015adbe68a5dd0d65ebef8c2ed24c0c35d13", size = 352912 },
    { url = "https://files.pythonhosted.org/packages/8b/fa/8bebfdc7a7ab628e80b4aec70d609188a79162cdf65a0e4f5abc2f76437c/jellyfish-1.1.3-cp313-cp313-manylinux_2_17_x86_64.manylinux2014_x86_64.whl", hash = "sha256:3afb5e8f327675be57f2121fb7442305c919a07317dc35fa74f6d05fe6f221e7", size = 347218 },
    { url = "https://files.pythonhosted.org/packages/5d/07/3c62d7e870187491d8d3b0028cc9fb0d18402a0a025fddc2c42cbfe73940/jellyfish-1.1.3-cp313-cp313-musllinux_1_1_aarch64.whl", hash = "sha256:93c16994e01b772d3d8049c68c5c937f7a810b39a851c15b528379f0258c54d9", size = 524720 },
    { url = "https://files.pythonhosted.org/packages/66/bb/71e7e3ba70f91b3c3b447d8762c8143ccf6a846a31a5fc17dd3f18c8aa06/jellyfish-1.1.3-cp313-cp313-musllinux_1_1_i686.whl", hash = "sha256:e6d61f1dac3d3b2121b70159a4b2cbcff92834d006e69961cf9bbb1841461d00", size = 543269 },
    { url = "https://files.pythonhosted.org/packages/5e/86/741f727e207a6b57889e4b83af0ee5aa58a31359f60e977d03dbf3b2eba8/jellyfish-1.1.3-cp313-cp313-musllinux_1_1_x86_64.whl", hash = "sha256:5ad5e8156b58caf2e80020ac54a84eb4066ff082362b27cd7af7fa732a7181d6", size = 517836 },
    { url = "https://files.pythonhosted.org/packages/0c/c2/73b67a1a9444c5804ed4e2e4d55df3e94035efc279fe7426d2dbd2bca5c5/jellyfish-1.1.3-cp313-cp313-win_amd64.whl", hash = "sha256:2113195a48ce8cb99d2bb2c6d9b119f58025dde1d727101518e7150c093a66da", size = 211678 },
]

[[package]]
name = "linernodes"
version = "0.1.0"
source = { editable = "." }
dependencies = [
    { name = "beets" },
    { name = "click" },
    { name = "duckdb" },
    { name = "graphviz" },
    { name = "musicbrainzngs" },
    { name = "python-mpd2" },
    { name = "tomli" },
    { name = "tomli-w" },
    { name = "vit" },
    { name = "xdg" },
]

[package.metadata]
requires-dist = [
    { name = "beets", specifier = ">=2.2.0" },
    { name = "click", specifier = ">=8.1.7" },
    { name = "duckdb", specifier = ">=1.1.3" },
    { name = "graphviz", specifier = ">=0.20.3" },
    { name = "musicbrainzngs", specifier = ">=0.7.1" },
    { name = "python-mpd2", specifier = ">=3.1.1" },
    { name = "tomli", specifier = ">=2.0.1" },
    { name = "tomli-w", specifier = ">=1.0.0" },
    { name = "vit", specifier = ">=2.3.2" },
    { name = "xdg", specifier = ">=6.0.0" },
]

[[package]]
name = "mediafile"
version = "0.13.0"
source = { registry = "https://pypi.org/simple" }
dependencies = [
    { name = "filetype" },
    { name = "mutagen" },
]
sdist = { url = "https://files.pythonhosted.org/packages/86/43/7726b251c591044b4ae2734049260e7a37c7e5b97a3fe1002443f9a3e829/mediafile-0.13.0.tar.gz", hash = "sha256:de71063e1bffe9733d6ccad526ea7dac8a9ce760105827f81ab0cb034c729a6d", size = 562194 }
wheels = [
    { url = "https://files.pythonhosted.org/packages/9f/b0/363b4d1443a593398f9d3784f406385f075e8fd0991c35356e73fc37638a/mediafile-0.13.0-py3-none-any.whl", hash = "sha256:cd8d183d0e0671b5203a86e92cf4e3338ecc892a1ec9dcd7ec0ed87779e514cb", size = 21469 },
]

[[package]]
name = "munkres"
version = "1.1.4"
source = { registry = "https://pypi.org/simple" }
sdist = { url = "https://files.pythonhosted.org/packages/fd/41/6a3d0ef908f47d07c31e5d1c2504388c27c39b10b8cf610175b5a789a5c1/munkres-1.1.4.tar.gz", hash = "sha256:fc44bf3c3979dada4b6b633ddeeb8ffbe8388ee9409e4d4e8310c2da1792db03", size = 14047 }
wheels = [
    { url = "https://files.pythonhosted.org/packages/90/ab/0301c945a704218bc9435f0e3c88884f6b19ef234d8899fb47ce1ccfd0c9/munkres-1.1.4-py2.py3-none-any.whl", hash = "sha256:6b01867d4a8480d865aea2326e4b8f7c46431e9e55b4a2e32d989307d7bced2a", size = 7015 },
]

[[package]]
name = "musicbrainzngs"
version = "0.7.1"
source = { registry = "https://pypi.org/simple" }
sdist = { url = "https://files.pythonhosted.org/packages/0a/67/3e74ae93d90ceeba72ed1a266dd3ca9abd625f315f0afd35f9b034acedd1/musicbrainzngs-0.7.1.tar.gz", hash = "sha256:ab1c0100fd0b305852e65f2ed4113c6de12e68afd55186987b8ed97e0f98e627", size = 117469 }
wheels = [
    { url = "https://files.pythonhosted.org/packages/6d/fd/cef7b2580436910ccd2f8d3deec0f3c81743e15c0eb5b97dde3fbf33c0c8/musicbrainzngs-0.7.1-py2.py3-none-any.whl", hash = "sha256:e841a8f975104c0a72290b09f59326050194081a5ae62ee512f41915090e1a10", size = 25289 },
]

[[package]]
name = "mutagen"
version = "1.47.0"
source = { registry = "https://pypi.org/simple" }
sdist = { url = "https://files.pythonhosted.org/packages/81/e6/64bc71b74eef4b68e61eb921dcf72dabd9e4ec4af1e11891bbd312ccbb77/mutagen-1.47.0.tar.gz", hash = "sha256:719fadef0a978c31b4cf3c956261b3c58b6948b32023078a2117b1de09f0fc99", size = 1274186 }
wheels = [
    { url = "https://files.pythonhosted.org/packages/b0/7a/620f945b96be1f6ee357d211d5bf74ab1b7fe72a9f1525aafbfe3aee6875/mutagen-1.47.0-py3-none-any.whl", hash = "sha256:edd96f50c5907a9539d8e5bba7245f62c9f520aef333d13392a79a4f70aca719", size = 194391 },
]

[[package]]
name = "platformdirs"
version = "4.3.6"
source = { registry = "https://pypi.org/simple" }
sdist = { url = "https://files.pythonhosted.org/packages/13/fc/128cc9cb8f03208bdbf93d3aa862e16d376844a14f9a0ce5cf4507372de4/platformdirs-4.3.6.tar.gz", hash = "sha256:357fb2acbc885b0419afd3ce3ed34564c13c9b95c89360cd9563f73aa5e2b907", size = 21302 }
wheels = [
    { url = "https://files.pythonhosted.org/packages/3c/a6/bc1012356d8ece4d66dd75c4b9fc6c1f6650ddd5991e421177d9f8f671be/platformdirs-4.3.6-py3-none-any.whl", hash = "sha256:73e575e1408ab8103900836b97580d5307456908a03e92031bab39e4554cc3fb", size = 18439 },
]

[[package]]
name = "python-mpd2"
version = "3.1.1"
source = { registry = "https://pypi.org/simple" }
sdist = { url = "https://files.pythonhosted.org/packages/53/be/e77206eb35eb37ccd3506fba237e1431431d04c482707730ce2a6802e95c/python-mpd2-3.1.1.tar.gz", hash = "sha256:4baec3584cc43ed9948d5559079fafc2679b06b2ade273e909b3582654b2b3f5", size = 58713 }
wheels = [
    { url = "https://files.pythonhosted.org/packages/8e/6d/1b9e1c203057c9a7fa6971db3605188a8ef1120ca305e4878c960ab6e2d3/python_mpd2-3.1.1-py2.py3-none-any.whl", hash = "sha256:86bf1100a0b135959d74a9a7a58cf0515bf30bb54eb25ae6fb8e175e50300fc3", size = 35050 },
]

[[package]]
name = "pyyaml"
version = "6.0.2"
source = { registry = "https://pypi.org/simple" }
sdist = { url = "https://files.pythonhosted.org/packages/54/ed/79a089b6be93607fa5cdaedf301d7dfb23af5f25c398d5ead2525b063e17/pyyaml-6.0.2.tar.gz", hash = "sha256:d584d9ec91ad65861cc08d42e834324ef890a082e591037abe114850ff7bbc3e", size = 130631 }
wheels = [
    { url = "https://files.pythonhosted.org/packages/86/0c/c581167fc46d6d6d7ddcfb8c843a4de25bdd27e4466938109ca68492292c/PyYAML-6.0.2-cp312-cp312-macosx_10_9_x86_64.whl", hash = "sha256:c70c95198c015b85feafc136515252a261a84561b7b1d51e3384e0655ddf25ab", size = 183873 },
    { url = "https://files.pythonhosted.org/packages/a8/0c/38374f5bb272c051e2a69281d71cba6fdb983413e6758b84482905e29a5d/PyYAML-6.0.2-cp312-cp312-macosx_11_0_arm64.whl", hash = "sha256:ce826d6ef20b1bc864f0a68340c8b3287705cae2f8b4b1d932177dcc76721725", size = 173302 },
    { url = "https://files.pythonhosted.org/packages/c3/93/9916574aa8c00aa06bbac729972eb1071d002b8e158bd0e83a3b9a20a1f7/PyYAML-6.0.2-cp312-cp312-manylinux_2_17_aarch64.manylinux2014_aarch64.whl", hash = "sha256:1f71ea527786de97d1a0cc0eacd1defc0985dcf6b3f17bb77dcfc8c34bec4dc5", size = 739154 },
    { url = "https://files.pythonhosted.org/packages/95/0f/b8938f1cbd09739c6da569d172531567dbcc9789e0029aa070856f123984/PyYAML-6.0.2-cp312-cp312-manylinux_2_17_s390x.manylinux2014_s390x.whl", hash = "sha256:9b22676e8097e9e22e36d6b7bda33190d0d400f345f23d4065d48f4ca7ae0425", size = 766223 },
    { url = "https://files.pythonhosted.org/packages/b9/2b/614b4752f2e127db5cc206abc23a8c19678e92b23c3db30fc86ab731d3bd/PyYAML-6.0.2-cp312-cp312-manylinux_2_17_x86_64.manylinux2014_x86_64.whl", hash = "sha256:80bab7bfc629882493af4aa31a4cfa43a4c57c83813253626916b8c7ada83476", size = 767542 },
    { url = "https://files.pythonhosted.org/packages/d4/00/dd137d5bcc7efea1836d6264f049359861cf548469d18da90cd8216cf05f/PyYAML-6.0.2-cp312-cp312-musllinux_1_1_aarch64.whl", hash = "sha256:0833f8694549e586547b576dcfaba4a6b55b9e96098b36cdc7ebefe667dfed48", size = 731164 },
    { url = "https://files.pythonhosted.org/packages/c9/1f/4f998c900485e5c0ef43838363ba4a9723ac0ad73a9dc42068b12aaba4e4/PyYAML-6.0.2-cp312-cp312-musllinux_1_1_x86_64.whl", hash = "sha256:8b9c7197f7cb2738065c481a0461e50ad02f18c78cd75775628afb4d7137fb3b", size = 756611 },
    { url = "https://files.pythonhosted.org/packages/df/d1/f5a275fdb252768b7a11ec63585bc38d0e87c9e05668a139fea92b80634c/PyYAML-6.0.2-cp312-cp312-win32.whl", hash = "sha256:ef6107725bd54b262d6dedcc2af448a266975032bc85ef0172c5f059da6325b4", size = 140591 },
    { url = "https://files.pythonhosted.org/packages/0c/e8/4f648c598b17c3d06e8753d7d13d57542b30d56e6c2dedf9c331ae56312e/PyYAML-6.0.2-cp312-cp312-win_amd64.whl", hash = "sha256:7e7401d0de89a9a855c839bc697c079a4af81cf878373abd7dc625847d25cbd8", size = 156338 },
    { url = "https://files.pythonhosted.org/packages/ef/e3/3af305b830494fa85d95f6d95ef7fa73f2ee1cc8ef5b495c7c3269fb835f/PyYAML-6.0.2-cp313-cp313-macosx_10_13_x86_64.whl", hash = "sha256:efdca5630322a10774e8e98e1af481aad470dd62c3170801852d752aa7a783ba", size = 181309 },
    { url = "https://files.pythonhosted.org/packages/45/9f/3b1c20a0b7a3200524eb0076cc027a970d320bd3a6592873c85c92a08731/PyYAML-6.0.2-cp313-cp313-macosx_11_0_arm64.whl", hash = "sha256:50187695423ffe49e2deacb8cd10510bc361faac997de9efef88badc3bb9e2d1", size = 171679 },
    { url = "https://files.pythonhosted.org/packages/7c/9a/337322f27005c33bcb656c655fa78325b730324c78620e8328ae28b64d0c/PyYAML-6.0.2-cp313-cp313-manylinux_2_17_aarch64.manylinux2014_aarch64.whl", hash = "sha256:0ffe8360bab4910ef1b9e87fb812d8bc0a308b0d0eef8c8f44e0254ab3b07133", size = 733428 },
    { url = "https://files.pythonhosted.org/packages/a3/69/864fbe19e6c18ea3cc196cbe5d392175b4cf3d5d0ac1403ec3f2d237ebb5/PyYAML-6.0.2-cp313-cp313-manylinux_2_17_s390x.manylinux2014_s390x.whl", hash = "sha256:17e311b6c678207928d649faa7cb0d7b4c26a0ba73d41e99c4fff6b6c3276484", size = 763361 },
    { url = "https://files.pythonhosted.org/packages/04/24/b7721e4845c2f162d26f50521b825fb061bc0a5afcf9a386840f23ea19fa/PyYAML-6.0.2-cp313-cp313-manylinux_2_17_x86_64.manylinux2014_x86_64.whl", hash = "sha256:70b189594dbe54f75ab3a1acec5f1e3faa7e8cf2f1e08d9b561cb41b845f69d5", size = 759523 },
    { url = "https://files.pythonhosted.org/packages/2b/b2/e3234f59ba06559c6ff63c4e10baea10e5e7df868092bf9ab40e5b9c56b6/PyYAML-6.0.2-cp313-cp313-musllinux_1_1_aarch64.whl", hash = "sha256:41e4e3953a79407c794916fa277a82531dd93aad34e29c2a514c2c0c5fe971cc", size = 726660 },
    { url = "https://files.pythonhosted.org/packages/fe/0f/25911a9f080464c59fab9027482f822b86bf0608957a5fcc6eaac85aa515/PyYAML-6.0.2-cp313-cp313-musllinux_1_1_x86_64.whl", hash = "sha256:68ccc6023a3400877818152ad9a1033e3db8625d899c72eacb5a668902e4d652", size = 751597 },
    { url = "https://files.pythonhosted.org/packages/14/0d/e2c3b43bbce3cf6bd97c840b46088a3031085179e596d4929729d8d68270/PyYAML-6.0.2-cp313-cp313-win32.whl", hash = "sha256:bc2fa7c6b47d6bc618dd7fb02ef6fdedb1090ec036abab80d4681424b84c1183", size = 140527 },
    { url = "https://files.pythonhosted.org/packages/fa/de/02b54f42487e3d3c6efb3f89428677074ca7bf43aae402517bc7cca949f3/PyYAML-6.0.2-cp313-cp313-win_amd64.whl", hash = "sha256:8388ee1976c416731879ac16da0aff3f63b286ffdd57cdeb95f3f2e085687563", size = 156446 },
]

[[package]]
name = "tasklib"
version = "2.5.1"
source = { registry = "https://pypi.org/simple" }
sdist = { url = "https://files.pythonhosted.org/packages/3e/50/3e876f39e31bad8783fd3fe117577cbf1dde836e161f8446631bde71aeb4/tasklib-2.5.1.tar.gz", hash = "sha256:5ccd731b52636dd10457a8b8d858cb0d026ffaab1e3e751baf791bf803e37d7b", size = 23805 }

[[package]]
name = "tomli"
version = "2.2.1"
source = { registry = "https://pypi.org/simple" }
sdist = { url = "https://files.pythonhosted.org/packages/18/87/302344fed471e44a87289cf4967697d07e532f2421fdaf868a303cbae4ff/tomli-2.2.1.tar.gz", hash = "sha256:cd45e1dc79c835ce60f7404ec8119f2eb06d38b1deba146f07ced3bbc44505ff", size = 17175 }
wheels = [
    { url = "https://files.pythonhosted.org/packages/52/e1/f8af4c2fcde17500422858155aeb0d7e93477a0d59a98e56cbfe75070fd0/tomli-2.2.1-cp312-cp312-macosx_10_13_x86_64.whl", hash = "sha256:4a8f6e44de52d5e6c657c9fe83b562f5f4256d8ebbfe4ff922c495620a7f6cea", size = 132762 },
    { url = "https://files.pythonhosted.org/packages/03/b8/152c68bb84fc00396b83e7bbddd5ec0bd3dd409db4195e2a9b3e398ad2e3/tomli-2.2.1-cp312-cp312-macosx_11_0_arm64.whl", hash = "sha256:8d57ca8095a641b8237d5b079147646153d22552f1c637fd3ba7f4b0b29167a8", size = 123453 },
    { url = "https://files.pythonhosted.org/packages/c8/d6/fc9267af9166f79ac528ff7e8c55c8181ded34eb4b0e93daa767b8841573/tomli-2.2.1-cp312-cp312-manylinux_2_17_aarch64.manylinux2014_aarch64.whl", hash = "sha256:4e340144ad7ae1533cb897d406382b4b6fede8890a03738ff1683af800d54192", size = 233486 },
    { url = "https://files.pythonhosted.org/packages/5c/51/51c3f2884d7bab89af25f678447ea7d297b53b5a3b5730a7cb2ef6069f07/tomli-2.2.1-cp312-cp312-manylinux_2_17_x86_64.manylinux2014_x86_64.whl", hash = "sha256:db2b95f9de79181805df90bedc5a5ab4c165e6ec3fe99f970d0e302f384ad222", size = 242349 },
    { url = "https://files.pythonhosted.org/packages/ab/df/bfa89627d13a5cc22402e441e8a931ef2108403db390ff3345c05253935e/tomli-2.2.1-cp312-cp312-manylinux_2_5_i686.manylinux1_i686.manylinux_2_17_i686.manylinux2014_i686.whl", hash = "sha256:40741994320b232529c802f8bc86da4e1aa9f413db394617b9a256ae0f9a7f77", size = 252159 },
    { url = "https://files.pythonhosted.org/packages/9e/6e/fa2b916dced65763a5168c6ccb91066f7639bdc88b48adda990db10c8c0b/tomli-2.2.1-cp312-cp312-musllinux_1_2_aarch64.whl", hash = "sha256:400e720fe168c0f8521520190686ef8ef033fb19fc493da09779e592861b78c6", size = 237243 },
    { url = "https://files.pythonhosted.org/packages/b4/04/885d3b1f650e1153cbb93a6a9782c58a972b94ea4483ae4ac5cedd5e4a09/tomli-2.2.1-cp312-cp312-musllinux_1_2_i686.whl", hash = "sha256:02abe224de6ae62c19f090f68da4e27b10af2b93213d36cf44e6e1c5abd19fdd", size = 259645 },
    { url = "https://files.pythonhosted.org/packages/9c/de/6b432d66e986e501586da298e28ebeefd3edc2c780f3ad73d22566034239/tomli-2.2.1-cp312-cp312-musllinux_1_2_x86_64.whl", hash = "sha256:b82ebccc8c8a36f2094e969560a1b836758481f3dc360ce9a3277c65f374285e", size = 244584 },
    { url = "https://files.pythonhosted.org/packages/1c/9a/47c0449b98e6e7d1be6cbac02f93dd79003234ddc4aaab6ba07a9a7482e2/tomli-2.2.1-cp312-cp312-win32.whl", hash = "sha256:889f80ef92701b9dbb224e49ec87c645ce5df3fa2cc548664eb8a25e03127a98", size = 98875 },
    { url = "https://files.pythonhosted.org/packages/ef/60/9b9638f081c6f1261e2688bd487625cd1e660d0a85bd469e91d8db969734/tomli-2.2.1-cp312-cp312-win_amd64.whl", hash = "sha256:7fc04e92e1d624a4a63c76474610238576942d6b8950a2d7f908a340494e67e4", size = 109418 },
    { url = "https://files.pythonhosted.org/packages/04/90/2ee5f2e0362cb8a0b6499dc44f4d7d48f8fff06d28ba46e6f1eaa61a1388/tomli-2.2.1-cp313-cp313-macosx_10_13_x86_64.whl", hash = "sha256:f4039b9cbc3048b2416cc57ab3bda989a6fcf9b36cf8937f01a6e731b64f80d7", size = 132708 },
    { url = "https://files.pythonhosted.org/packages/c0/ec/46b4108816de6b385141f082ba99e315501ccd0a2ea23db4a100dd3990ea/tomli-2.2.1-cp313-cp313-macosx_11_0_arm64.whl", hash = "sha256:286f0ca2ffeeb5b9bd4fcc8d6c330534323ec51b2f52da063b11c502da16f30c", size = 123582 },
    { url = "https://files.pythonhosted.org/packages/a0/bd/b470466d0137b37b68d24556c38a0cc819e8febe392d5b199dcd7f578365/tomli-2.2.1-cp313-cp313-manylinux_2_17_aarch64.manylinux2014_aarch64.whl", hash = "sha256:a92ef1a44547e894e2a17d24e7557a5e85a9e1d0048b0b5e7541f76c5032cb13", size = 232543 },
    { url = "https://files.pythonhosted.org/packages/d9/e5/82e80ff3b751373f7cead2815bcbe2d51c895b3c990686741a8e56ec42ab/tomli-2.2.1-cp313-cp313-manylinux_2_17_x86_64.manylinux2014_x86_64.whl", hash = "sha256:9316dc65bed1684c9a98ee68759ceaed29d229e985297003e494aa825ebb0281", size = 241691 },
    { url = "https://files.pythonhosted.org/packages/05/7e/2a110bc2713557d6a1bfb06af23dd01e7dde52b6ee7dadc589868f9abfac/tomli-2.2.1-cp313-cp313-manylinux_2_5_i686.manylinux1_i686.manylinux_2_17_i686.manylinux2014_i686.whl", hash = "sha256:e85e99945e688e32d5a35c1ff38ed0b3f41f43fad8df0bdf79f72b2ba7bc5272", size = 251170 },
    { url = "https://files.pythonhosted.org/packages/64/7b/22d713946efe00e0adbcdfd6d1aa119ae03fd0b60ebed51ebb3fa9f5a2e5/tomli-2.2.1-cp313-cp313-musllinux_1_2_aarch64.whl", hash = "sha256:ac065718db92ca818f8d6141b5f66369833d4a80a9d74435a268c52bdfa73140", size = 236530 },
    { url = "https://files.pythonhosted.org/packages/38/31/3a76f67da4b0cf37b742ca76beaf819dca0ebef26d78fc794a576e08accf/tomli-2.2.1-cp313-cp313-musllinux_1_2_i686.whl", hash = "sha256:d920f33822747519673ee656a4b6ac33e382eca9d331c87770faa3eef562aeb2", size = 258666 },
    { url = "https://files.pythonhosted.org/packages/07/10/5af1293da642aded87e8a988753945d0cf7e00a9452d3911dd3bb354c9e2/tomli-2.2.1-cp313-cp313-musllinux_1_2_x86_64.whl", hash = "sha256:a198f10c4d1b1375d7687bc25294306e551bf1abfa4eace6650070a5c1ae2744", size = 243954 },
    { url = "https://files.pythonhosted.org/packages/5b/b9/1ed31d167be802da0fc95020d04cd27b7d7065cc6fbefdd2f9186f60d7bd/tomli-2.2.1-cp313-cp313-win32.whl", hash = "sha256:d3f5614314d758649ab2ab3a62d4f2004c825922f9e370b29416484086b264ec", size = 98724 },
    { url = "https://files.pythonhosted.org/packages/c7/32/b0963458706accd9afcfeb867c0f9175a741bf7b19cd424230714d722198/tomli-2.2.1-cp313-cp313-win_amd64.whl", hash = "sha256:a38aa0308e754b0e3c67e344754dff64999ff9b513e691d0e786265c93583c69", size = 109383 },
    { url = "https://files.pythonhosted.org/packages/6e/c2/61d3e0f47e2b74ef40a68b9e6ad5984f6241a942f7cd3bbfbdbd03861ea9/tomli-2.2.1-py3-none-any.whl", hash = "sha256:cb55c73c5f4408779d0cf3eef9f762b9c9f147a77de7b258bef0a5628adc85cc", size = 14257 },
]

[[package]]
name = "tomli-w"
version = "1.2.0"
source = { registry = "https://pypi.org/simple" }
sdist = { url = "https://files.pythonhosted.org/packages/19/75/241269d1da26b624c0d5e110e8149093c759b7a286138f4efd61a60e75fe/tomli_w-1.2.0.tar.gz", hash = "sha256:2dd14fac5a47c27be9cd4c976af5a12d87fb1f0b4512f81d69cce3b35ae25021", size = 7184 }
wheels = [
    { url = "https://files.pythonhosted.org/packages/c7/18/c86eb8e0202e32dd3df50d43d7ff9854f8e0603945ff398974c1d91ac1ef/tomli_w-1.2.0-py3-none-any.whl", hash = "sha256:188306098d013b691fcadc011abd66727d3c414c571bb01b1a174ba8c983cf90", size = 6675 },
]

[[package]]
name = "typing-extensions"
version = "4.12.2"
source = { registry = "https://pypi.org/simple" }
sdist = { url = "https://files.pythonhosted.org/packages/df/db/f35a00659bc03fec321ba8bce9420de607a1d37f8342eee1863174c69557/typing_extensions-4.12.2.tar.gz", hash = "sha256:1a7ead55c7e559dd4dee8856e3a88b41225abfe1ce8df57b7c13915fe121ffb8", size = 85321 }
wheels = [
    { url = "https://files.pythonhosted.org/packages/26/9f/ad63fc0248c5379346306f8668cda6e2e2e9c95e01216d2b8ffd9ff037d0/typing_extensions-4.12.2-py3-none-any.whl", hash = "sha256:04e5ca0351e0f3f85c6853954072df659d0d13fac324d0072316b67d7794700d", size = 37438 },
]

[[package]]
name = "unidecode"
version = "1.3.8"
source = { registry = "https://pypi.org/simple" }
sdist = { url = "https://files.pythonhosted.org/packages/f7/89/19151076a006b9ac0dd37b1354e031f5297891ee507eb624755e58e10d3e/Unidecode-1.3.8.tar.gz", hash = "sha256:cfdb349d46ed3873ece4586b96aa75258726e2fa8ec21d6f00a591d98806c2f4", size = 192701 }
wheels = [
    { url = "https://files.pythonhosted.org/packages/84/b7/6ec57841fb67c98f52fc8e4a2d96df60059637cba077edc569a302a8ffc7/Unidecode-1.3.8-py3-none-any.whl", hash = "sha256:d130a61ce6696f8148a3bd8fe779c99adeb4b870584eeb9526584e9aa091fd39", size = 235494 },
]

[[package]]
name = "urwid"
version = "2.6.16"
source = { registry = "https://pypi.org/simple" }
dependencies = [
    { name = "typing-extensions" },
    { name = "wcwidth" },
]
sdist = { url = "https://files.pythonhosted.org/packages/98/21/ad23c9e961b2d36d57c63686a6f86768dd945d406323fb58c84f09478530/urwid-2.6.16.tar.gz", hash = "sha256:93ad239939e44c385e64aa00027878b9e5c486d59e855ec8ab5b1e1adcdb32a2", size = 848179 }
wheels = [
    { url = "https://files.pythonhosted.org/packages/54/cb/271a4f5a1bf4208dbdc96d85b9eae744cf4e5e11ac73eda76dc98c8fd2d7/urwid-2.6.16-py3-none-any.whl", hash = "sha256:de14896c6df9eb759ed1fd93e0384a5279e51e0dde8f621e4083f7a8368c0797", size = 297196 },
]

[[package]]
name = "vit"
version = "2.3.2"
source = { registry = "https://pypi.org/simple" }
dependencies = [
    { name = "tasklib" },
    { name = "urwid" },
]
sdist = { url = "https://files.pythonhosted.org/packages/a2/24/71ef618e17ced54d3ad706215165ebeb6ebc86f5d71ded58c4dbcba62b83/vit-2.3.2.tar.gz", hash = "sha256:a837d8e865a70d0e384a1e78d314330f000d108fa62e3a72d9aec6dec7ca233c", size = 72321 }
wheels = [
    { url = "https://files.pythonhosted.org/packages/f5/63/6a155fab2b9f1f24a762d383ecc6335920211dfbb04b5c11c4a74b45d9f2/vit-2.3.2-py3-none-any.whl", hash = "sha256:af0ad59dce544674f14415c3516775e10c72166e00dedc83f5db03f4cada3243", size = 97628 },
]

[[package]]
name = "wcwidth"
version = "0.2.13"
source = { registry = "https://pypi.org/simple" }
sdist = { url = "https://files.pythonhosted.org/packages/6c/63/53559446a878410fc5a5974feb13d31d78d752eb18aeba59c7fef1af7598/wcwidth-0.2.13.tar.gz", hash = "sha256:72ea0c06399eb286d978fdedb6923a9eb47e1c486ce63e9b4e64fc18303972b5", size = 101301 }
wheels = [
    { url = "https://files.pythonhosted.org/packages/fd/84/fd2ba7aafacbad3c4201d395674fc6348826569da3c0937e75505ead3528/wcwidth-0.2.13-py2.py3-none-any.whl", hash = "sha256:3da69048e4540d84af32131829ff948f1e022c1c6bdb8d6102117aac784f6859", size = 34166 },
]

[[package]]
name = "xdg"
version = "6.0.0"
source = { registry = "https://pypi.org/simple" }
sdist = { url = "https://files.pythonhosted.org/packages/2a/b9/0e6e6f19fb75cf5e1758f4f33c1256738f718966700cffc0fde2f966218b/xdg-6.0.0.tar.gz", hash = "sha256:24278094f2d45e846d1eb28a2ebb92d7b67fc0cab5249ee3ce88c95f649a1c92", size = 3453 }
wheels = [
    { url = "https://files.pythonhosted.org/packages/dd/54/3516c1cf349060fc3578686d271eba242f10ec00b4530c2985af9faac49b/xdg-6.0.0-py3-none-any.whl", hash = "sha256:df3510755b4395157fc04fc3b02467c777f3b3ca383257397f09ab0d4c16f936", size = 3855 },
]
